
Microsoft Visual Studio Solution File, Format Version 12.00
# Visual Studio Version 17
VisualStudioVersion = 17.11.35208.52
MinimumVisualStudioVersion = 10.0.40219.1
Project("{9A19103F-16F7-4668-BE54-9A1E7A4F7556}") = "Unity.Publisher.Tool.Bot.Api", "Unity.Publisher.Tool.Bot.Api\Unity.Publisher.Tool.Bot.Api.csproj", "{7E5AFB26-3B0F-42D2-A3C0-209CDA907956}"
EndProject
Project("{9A19103F-16F7-4668-BE54-9A1E7A4F7556}") = "Notificator.Api", "..\Submodules\notificator\Notificator\Notificator.Api\Notificator.Api.csproj", "{884A5297-612B-444B-8265-73A1E4CA8BA8}"
EndProject
Global
	GlobalSection(SolutionConfigurationPlatforms) = preSolution
		Debug|Any CPU = Debug|Any CPU
		Release|Any CPU = Release|Any CPU
	EndGlobalSection
	GlobalSection(ProjectConfigurationPlatforms) = postSolution
		{7E5AFB26-3B0F-42D2-A3C0-209CDA907956}.Debug|Any CPU.ActiveCfg = Debug|Any CPU
		{7E5AFB26-3B0F-42D2-A3C0-209CDA907956}.Debug|Any CPU.Build.0 = Debug|Any CPU
		{7E5AFB26-3B0F-42D2-A3C0-209CDA907956}.Release|Any CPU.ActiveCfg = Release|Any CPU
		{7E5AFB26-3B0F-42D2-A3C0-209CDA907956}.Release|Any CPU.Build.0 = Release|Any CPU
		{884A5297-612B-444B-8265-73A1E4CA8BA8}.Debug|Any CPU.ActiveCfg = Debug|Any CPU
		{884A5297-612B-444B-8265-73A1E4CA8BA8}.Debug|Any CPU.Build.0 = Debug|Any CPU
		{884A5297-612B-444B-8265-73A1E4CA8BA8}.Release|Any CPU.ActiveCfg = Release|Any CPU
		{884A5297-612B-444B-8265-73A1E4CA8BA8}.Release|Any CPU.Build.0 = Release|Any CPU
	EndGlobalSection
	GlobalSection(SolutionProperties) = preSolution
		HideSolutionNode = FALSE
	EndGlobalSection
	GlobalSection(ExtensibilityGlobals) = postSolution
		SolutionGuid = {F2826725-9ADE-4823-809A-0C69BB4890FA}
	EndGlobalSection
EndGlobal
